
Microsoft Visual Studio Solution File, Format Version 12.00
# Visual Studio Version 16
VisualStudioVersion = 16.0.29409.12
MinimumVisualStudioVersion = 10.0.40219.1
Project("{FAE04EC0-301F-11D3-BF4B-00C04F79EFBC}") = "Car_Parking", "Car_Parking\Car_Parking.csproj", "{16A5CA44-D9F6-4D10-9E3C-D21F80136B81}"
EndProject
Global
	GlobalSection(SolutionConfigurationPlatforms) = preSolution
		Debug|Any CPU = Debug|Any CPU
		Release|Any CPU = Release|Any CPU
	EndGlobalSection
	GlobalSection(ProjectConfigurationPlatforms) = postSolution
		{16A5CA44-D9F6-4D10-9E3C-D21F80136B81}.Debug|Any CPU.ActiveCfg = Debug|Any CPU
		{16A5CA44-D9F6-4D10-9E3C-D21F80136B81}.Debug|Any CPU.Build.0 = Debug|Any CPU
		{16A5CA44-D9F6-4D10-9E3C-D21F80136B81}.Release|Any CPU.ActiveCfg = Release|Any CPU
		{16A5CA44-D9F6-4D10-9E3C-D21F80136B81}.Release|Any CPU.Build.0 = Release|Any CPU
	EndGlobalSection
	GlobalSection(SolutionProperties) = preSolution
		HideSolutionNode = FALSE
	EndGlobalSection
	GlobalSection(ExtensibilityGlobals) = postSolution
		SolutionGuid = {648DF991-C20A-4900-8471-E08873B3CA61}
	EndGlobalSection
EndGlobal
